
Microsoft Visual Studio Solution File, Format Version 12.00
# Visual Studio Version 16
VisualStudioVersion = 16.0.31624.102
MinimumVisualStudioVersion = 10.0.40219.1
Project("{9A19103F-16F7-4668-BE54-9A1E7A4F7556}") = "ConsoleApp1", "ConsoleApp1\ConsoleApp1.csproj", "{DA29B201-0070-4D63-9F8B-C150035301C1}"
EndProject
Project("{FAE04EC0-301F-11D3-BF4B-00C04F79EFBC}") = "TestProject1", "TestProject1\TestProject1.csproj", "{95B31CE9-81C8-466D-AF5B-5719FA73B4CD}"
EndProject
Global
	GlobalSection(SolutionConfigurationPlatforms) = preSolution
		Debug|Any CPU = Debug|Any CPU
		Release|Any CPU = Release|Any CPU
	EndGlobalSection
	GlobalSection(ProjectConfigurationPlatforms) = postSolution
		{DA29B201-0070-4D63-9F8B-C150035301C1}.Debug|Any CPU.ActiveCfg = Debug|Any CPU
		{DA29B201-0070-4D63-9F8B-C150035301C1}.Debug|Any CPU.Build.0 = Debug|Any CPU
		{DA29B201-0070-4D63-9F8B-C150035301C1}.Release|Any CPU.ActiveCfg = Release|Any CPU
		{DA29B201-0070-4D63-9F8B-C150035301C1}.Release|Any CPU.Build.0 = Release|Any CPU
		{95B31CE9-81C8-466D-AF5B-5719FA73B4CD}.Debug|Any CPU.ActiveCfg = Debug|Any CPU
		{95B31CE9-81C8-466D-AF5B-5719FA73B4CD}.Debug|Any CPU.Build.0 = Debug|Any CPU
		{95B31CE9-81C8-466D-AF5B-5719FA73B4CD}.Release|Any CPU.ActiveCfg = Release|Any CPU
		{95B31CE9-81C8-466D-AF5B-5719FA73B4CD}.Release|Any CPU.Build.0 = Release|Any CPU
	EndGlobalSection
	GlobalSection(SolutionProperties) = preSolution
		HideSolutionNode = FALSE
	EndGlobalSection
	GlobalSection(ExtensibilityGlobals) = postSolution
		SolutionGuid = {1A5EC682-BF39-4C0E-91CA-F7ED7FE7CADA}
	EndGlobalSection
EndGlobal
